
Microsoft Visual Studio Solution File, Format Version 12.00
# Visual Studio Version 17
VisualStudioVersion = 17.8.34330.188
MinimumVisualStudioVersion = 10.0.40219.1
Project("{2150E333-8FDC-42A3-9474-1A3956D46DE8}") = "Source", "Source", "{3BF22CCD-4FE4-42BD-960A-EAD8617880B9}"
EndProject
Project("{2150E333-8FDC-42A3-9474-1A3956D46DE8}") = "Samples", "Samples", "{F6BAC321-6965-4B7A-8C35-34B3F226C1AE}"
EndProject
Project("{9A19103F-16F7-4668-BE54-9A1E7A4F7556}") = "Gtk.Windows.Forms", "Source\GTKSystem.Windows.Forms\Gtk.Windows.Forms.csproj", "{99043664-0431-4398-92A6-55A45736D2F6}"
EndProject
Project("{9A19103F-16F7-4668-BE54-9A1E7A4F7556}") = "GTKWinFormsApp", "Samples\GTKWinFormsApp\GTKWinFormsApp.csproj", "{A963833A-1053-4321-9BCF-3FB7C58F0601}"
EndProject
Project("{2150E333-8FDC-42A3-9474-1A3956D46DE8}") = "Readme", "Readme", "{7674FDFE-A432-492E-AC63-C24377F85870}"
	ProjectSection(SolutionItems) = preProject
		README.md = README.md
		README.zh-HANS.md = README.zh-HANS.md
		Readme_Resources.md = Readme_Resources.md
		Readme_Resources.zh-HANS.md = Readme_Resources.zh-HANS.md
		UpdateHistory.md = UpdateHistory.md
		UpdateHistory.zh-HANS.md = UpdateHistory.zh-HANS.md
	EndProjectSection
EndProject
Project("{2150E333-8FDC-42A3-9474-1A3956D46DE8}") = "licenses", "licenses", "{FA74C15D-95F5-4B11-A721-308659F09D90}"
	ProjectSection(SolutionItems) = preProject
		Source\licenses\LICENSE.txt = Source\licenses\LICENSE.txt
	EndProjectSection
EndProject
Project("{9A19103F-16F7-4668-BE54-9A1E7A4F7556}") = "GTKSystemWinFormsApp11", "Samples\GTKSystemWinFormsApp11\GTKSystemWinFormsApp11.csproj", "{ED029673-302D-4E58-B33E-1472BD96B19C}"
EndProject
Project("{2150E333-8FDC-42A3-9474-1A3956D46DE8}") = "Build", "Build", "{6714F9A3-8835-48E5-9AE1-CF53B39F24FD}"
	ProjectSection(SolutionItems) = preProject
		.gitattributes = .gitattributes
		.gitignore = .gitignore
		Directory.Build.Props = Directory.Build.Props
		Directory.Nuget.json = Directory.Nuget.json
		Directory.Nuget.Props = Directory.Nuget.Props
	EndProjectSection
EndProject
Global
	GlobalSection(SolutionConfigurationPlatforms) = preSolution
		Debug|Any CPU = Debug|Any CPU
		Release|Any CPU = Release|Any CPU
	EndGlobalSection
	GlobalSection(ProjectConfigurationPlatforms) = postSolution
		{99043664-0431-4398-92A6-55A45736D2F6}.Debug|Any CPU.ActiveCfg = Debug|Any CPU
		{99043664-0431-4398-92A6-55A45736D2F6}.Debug|Any CPU.Build.0 = Debug|Any CPU
		{99043664-0431-4398-92A6-55A45736D2F6}.Release|Any CPU.ActiveCfg = Release|Any CPU
		{99043664-0431-4398-92A6-55A45736D2F6}.Release|Any CPU.Build.0 = Release|Any CPU
		{A963833A-1053-4321-9BCF-3FB7C58F0601}.Debug|Any CPU.ActiveCfg = Debug|Any CPU
		{A963833A-1053-4321-9BCF-3FB7C58F0601}.Debug|Any CPU.Build.0 = Debug|Any CPU
		{A963833A-1053-4321-9BCF-3FB7C58F0601}.Release|Any CPU.ActiveCfg = Release|Any CPU
		{A963833A-1053-4321-9BCF-3FB7C58F0601}.Release|Any CPU.Build.0 = Release|Any CPU
		{ED029673-302D-4E58-B33E-1472BD96B19C}.Debug|Any CPU.ActiveCfg = Debug|Any CPU
		{ED029673-302D-4E58-B33E-1472BD96B19C}.Debug|Any CPU.Build.0 = Debug|Any CPU
		{ED029673-302D-4E58-B33E-1472BD96B19C}.Release|Any CPU.ActiveCfg = Release|Any CPU
		{ED029673-302D-4E58-B33E-1472BD96B19C}.Release|Any CPU.Build.0 = Release|Any CPU
	EndGlobalSection
	GlobalSection(SolutionProperties) = preSolution
		HideSolutionNode = FALSE
	EndGlobalSection
	GlobalSection(NestedProjects) = preSolution
		{99043664-0431-4398-92A6-55A45736D2F6} = {3BF22CCD-4FE4-42BD-960A-EAD8617880B9}
		{A963833A-1053-4321-9BCF-3FB7C58F0601} = {F6BAC321-6965-4B7A-8C35-34B3F226C1AE}
		{ED029673-302D-4E58-B33E-1472BD96B19C} = {F6BAC321-6965-4B7A-8C35-34B3F226C1AE}
	EndGlobalSection
	GlobalSection(ExtensibilityGlobals) = postSolution
		SolutionGuid = {8B2528BB-EDE2-4992-83A6-3C0C3FDA43DE}
	EndGlobalSection
EndGlobal
